<?xml version="1.0" encoding="utf-8"?>
<Project ToolsVersion="4.0" xmlns="http://schemas.microsoft.com/developer/msbuild/2003">
  <ItemGroup>
    <Filter Include="Source Files">
      <UniqueIdentifier>{4FC737F1-C7A5-4376-A066-2A32D752A2FF}</UniqueIdentifier>
      <Extensions>cpp;c;cc;cxx;def;odl;idl;hpj;bat;asm;asmx</Extensions>
    </Filter>
    <Filter Include="Header Files">
      <UniqueIdentifier>{93995380-89BD-4b04-88EB-625FBE52EBFB}</UniqueIdentifier>
      <Extensions>h;hpp;hxx;hm;inl;inc;xsd</Extensions>
    </Filter>
    <Filter Include="Resource Files">
      <UniqueIdentifier>{67DA6AB6-F800-4c08-8B7A-83BB121AAD01}</UniqueIdentifier>
      <Extensions>rc;ico;cur;bmp;dlg;rc2;rct;bin;rgs;gif;jpg;jpeg;jpe;resx;tiff;tif;png;wav;mfcribbon-ms</Extensions>
    </Filter>
    <Filter Include="Source Files\_deps">
      <UniqueIdentifier>{82be8774-e569-45cd-8e71-8635139f8b4f}</UniqueIdentifier>
    </Filter>
    <Filter Include="Source Files\be">
      <UniqueIdentifier>{3906cfb3-1fa1-45fa-91ba-b26079807d6e}</UniqueIdentifier>
    </Filter>
    <Filter Include="Source Files\be\be::util">
      <UniqueIdentifier>{554ac71d-7688-4d70-846d-a70e849b063b}</UniqueIdentifier>
    </Filter>
    <Filter Include="Source Files\be\be::bed">
      <UniqueIdentifier>{b03a70db-a687-40f5-93ec-8bca35a7e716}</UniqueIdentifier>
    </Filter>
    <Filter Include="Source Files\be\be::bed\be::bed::detail">
      <UniqueIdentifier>{8a896d2c-afe7-4629-bede-31883f809ed0}</UniqueIdentifier>
    </Filter>
    <Filter Include="Source Files\pbj">
      <UniqueIdentifier>{3f8cefbc-39c6-4a39-832e-507e5cd5b6b4}</UniqueIdentifier>
    </Filter>
    <Filter Include="Source Files\pbj\pbj::scene">
      <UniqueIdentifier>{7b903c17-7145-40d3-b08a-e457564c15c7}</UniqueIdentifier>
    </Filter>
    <Filter Include="Header Files\be">
      <UniqueIdentifier>{98323d10-47ca-4d88-9861-698c0a1019e9}</UniqueIdentifier>
    </Filter>
    <Filter Include="Header Files\be\be::util">
      <UniqueIdentifier>{38263040-f4a2-4694-aebe-9a105cf4f656}</UniqueIdentifier>
    </Filter>
    <Filter Include="Header Files\be\be::bed">
      <UniqueIdentifier>{da3906bc-293f-41bd-bcc8-fc139caba61a}</UniqueIdentifier>
    </Filter>
    <Filter Include="Header Files\be\be::bed\be::bed::detail">
      <UniqueIdentifier>{be759b86-e732-4b00-a8b2-22b35c1f0307}</UniqueIdentifier>
    </Filter>
    <Filter Include="Header Files\be\be::detail">
      <UniqueIdentifier>{afbb5bc0-c95f-4795-9812-2e5bb1ff3194}</UniqueIdentifier>
    </Filter>
    <Filter Include="Header Files\pbj">
      <UniqueIdentifier>{ad3e5eca-12a8-4905-b57c-e31e335b5fed}</UniqueIdentifier>
    </Filter>
    <Filter Include="Header Files\pbj\pbj::scene">
      <UniqueIdentifier>{0f037e11-c4b9-439c-ac61-a85b5fb88b1f}</UniqueIdentifier>
    </Filter>
    <Filter Include="Header Files\pbj\pbj::sw">
      <UniqueIdentifier>{83b0b87f-bb28-4c4c-b186-ec6570562742}</UniqueIdentifier>
    </Filter>
    <Filter Include="Source Files\pbj\pbj::sw">
      <UniqueIdentifier>{0228d067-8f12-46f1-997d-8e0dac10c1e0}</UniqueIdentifier>
    </Filter>
    <Filter Include="Header Files\pbj\pbj::audio">
      <UniqueIdentifier>{5d8658f4-4299-4efb-8c5d-a3b7180c2251}</UniqueIdentifier>
    </Filter>
    <Filter Include="Header Files\pbj\pbj::scene\%28ui%29">
      <UniqueIdentifier>{ba846c5c-05f2-435f-a13e-c374b62c7cf9}</UniqueIdentifier>
    </Filter>
    <Filter Include="Header Files\pbj\pbj::gfx">
      <UniqueIdentifier>{cc1a8b90-64d8-4535-958b-e935d4fb69da}</UniqueIdentifier>
    </Filter>
    <Filter Include="Source Files\pbj\pbj::gfx">
      <UniqueIdentifier>{dc12f29d-0214-4b74-8e86-ba708337ac6d}</UniqueIdentifier>
    </Filter>
    <Filter Include="Header Files\pbj\%28convenience headers%29">
      <UniqueIdentifier>{242e9d36-663a-4a5f-a623-bddd8619ff5b}</UniqueIdentifier>
    </Filter>
    <Filter Include="Source Files\pbj\pbj::audio">
      <UniqueIdentifier>{4fe1b071-e3e6-4851-8569-6ffff5f6ac96}</UniqueIdentifier>
    </Filter>
    <Filter Include="Source Files\pbj\pbj::scene\%28ui%29">
      <UniqueIdentifier>{5c64562c-b67b-473f-a393-8e878fd21093}</UniqueIdentifier>
    </Filter>
  </ItemGroup>
  <ItemGroup>
    <ClCompile Include="..\..\deps\pugixml.cpp">
      <Filter>Source Files\_deps</Filter>
    </ClCompile>
    <ClCompile Include="..\..\deps\sqlite3.c">
      <Filter>Source Files\_deps</Filter>
    </ClCompile>
    <ClCompile Include="..\..\deps\stb_image.c">
      <Filter>Source Files\_deps</Filter>
    </ClCompile>
    <ClCompile Include="..\..\src\be\id.cpp">
      <Filter>Source Files\be</Filter>
    </ClCompile>
    <ClCompile Include="..\..\src\be\verbosity.cpp">
      <Filter>Source Files\be</Filter>
    </ClCompile>
    <ClCompile Include="..\..\src\be\util\nconvert.cpp">
      <Filter>Source Files\be\be::util</Filter>
    </ClCompile>
    <ClCompile Include="..\..\src\be\bed\cached_stmt.cpp">
      <Filter>Source Files\be\be::bed</Filter>
    </ClCompile>
    <ClCompile Include="..\..\src\be\bed\db.cpp">
      <Filter>Source Files\be\be::bed</Filter>
    </ClCompile>
    <ClCompile Include="..\..\src\be\bed\stmt.cpp">
      <Filter>Source Files\be\be::bed</Filter>
    </ClCompile>
    <ClCompile Include="..\..\src\be\bed\stmt_cache.cpp">
      <Filter>Source Files\be\be::bed</Filter>
    </ClCompile>
    <ClCompile Include="..\..\src\be\bed\transaction.cpp">
      <Filter>Source Files\be\be::bed</Filter>
    </ClCompile>
    <ClCompile Include="..\..\src\be\bed\detail\db_error.cpp">
      <Filter>Source Files\be\be::bed\be::bed::detail</Filter>
    </ClCompile>
    <ClCompile Include="..\..\src\be\bed\detail\stmt_cache_entry.cpp">
      <Filter>Source Files\be\be::bed\be::bed::detail</Filter>
    </ClCompile>
    <ClCompile Include="..\..\src\pbj\engine.cpp">
      <Filter>Source Files\pbj</Filter>
    </ClCompile>
    <ClCompile Include="..\..\src\editor_app_entry.cpp">
      <Filter>Source Files</Filter>
    </ClCompile>
    <ClCompile Include="..\..\src\pbj\sw\sandwich_open.cpp">
      <Filter>Source Files\pbj\pbj::sw</Filter>
    </ClCompile>
    <ClCompile Include="..\..\src\pbj\sw\sandwich.cpp">
      <Filter>Source Files\pbj\pbj::sw</Filter>
    </ClCompile>
    <ClCompile Include="..\..\src\pbj\window.cpp">
      <Filter>Source Files\pbj</Filter>
    </ClCompile>
    <ClCompile Include="..\..\src\pbj\window_settings.cpp">
      <Filter>Source Files\pbj</Filter>
    </ClCompile>
    <ClCompile Include="..\..\src\pbj\sw\resource_id.cpp">
      <Filter>Source Files\pbj\pbj::sw</Filter>
    </ClCompile>
    <ClCompile Include="..\..\src\pbj\audio\audio_buffer.cpp">
      <Filter>Source Files\pbj\pbj::audio</Filter>
    </ClCompile>
    <ClCompile Include="..\..\src\pbj\gfx\texture.cpp">
      <Filter>Source Files\pbj\pbj::gfx</Filter>
    </ClCompile>
    <ClCompile Include="..\..\src\pbj\gfx\shader.cpp">
      <Filter>Source Files\pbj\pbj::gfx</Filter>
    </ClCompile>
    <ClCompile Include="..\..\src\pbj\scene\ui_image.cpp">
      <Filter>Source Files\pbj\pbj::scene\%28ui%29</Filter>
    </ClCompile>
    <ClCompile Include="..\..\src\pbj\scene\ui_element.cpp">
      <Filter>Source Files\pbj\pbj::scene\%28ui%29</Filter>
    </ClCompile>
    <ClCompile Include="..\..\src\pbj\input_controller.cpp">
      <Filter>Source Files\pbj</Filter>
    </ClCompile>
    <ClCompile Include="..\..\src\pbj\transform.cpp">
      <Filter>Source Files\pbj</Filter>
    </ClCompile>
    <ClCompile Include="..\..\src\pbj\gfx\texture_font.cpp">
      <Filter>Source Files\pbj\pbj::gfx</Filter>
    </ClCompile>
    <ClCompile Include="..\..\src\pbj\gfx\texture_font_text.cpp">
      <Filter>Source Files\pbj\pbj::gfx</Filter>
    </ClCompile>
    <ClCompile Include="..\..\src\pbj\gfx\shader_program.cpp">
      <Filter>Source Files\pbj\pbj::gfx</Filter>
    </ClCompile>
    <ClCompile Include="..\..\src\pbj\gfx\built_ins.cpp">
      <Filter>Source Files\pbj\pbj::gfx</Filter>
    </ClCompile>
  </ItemGroup>
  <ItemGroup>
    <ClInclude Include="..\..\include\be\const_handle.h">
      <Filter>Header Files\be</Filter>
    </ClInclude>
    <ClInclude Include="..\..\include\be\handle.h">
      <Filter>Header Files\be</Filter>
    </ClInclude>
    <ClInclude Include="..\..\include\be\id.h">
      <Filter>Header Files\be</Filter>
    </ClInclude>
    <ClInclude Include="..\..\include\be\source_handle.h">
      <Filter>Header Files\be</Filter>
    </ClInclude>
    <ClInclude Include="..\..\include\be\util\nconvert.h">
      <Filter>Header Files\be\be::util</Filter>
    </ClInclude>
    <ClInclude Include="..\..\include\be\bed\cached_stmt.h">
      <Filter>Header Files\be\be::bed</Filter>
    </ClInclude>
    <ClInclude Include="..\..\include\be\bed\db.h">
      <Filter>Header Files\be\be::bed</Filter>
    </ClInclude>
    <ClInclude Include="..\..\include\be\bed\stmt.h">
      <Filter>Header Files\be\be::bed</Filter>
    </ClInclude>
    <ClInclude Include="..\..\include\be\bed\stmt_cache.h">
      <Filter>Header Files\be\be::bed</Filter>
    </ClInclude>
    <ClInclude Include="..\..\include\be\bed\transaction.h">
      <Filter>Header Files\be\be::bed</Filter>
    </ClInclude>
    <ClInclude Include="..\..\include\be\bed\detail\db_error.h">
      <Filter>Header Files\be\be::bed\be::bed::detail</Filter>
    </ClInclude>
    <ClInclude Include="..\..\include\be\bed\detail\stmt_cache_entry.h">
      <Filter>Header Files\be\be::bed\be::bed::detail</Filter>
    </ClInclude>
    <ClInclude Include="..\..\include\be\detail\handle_entry.h">
      <Filter>Header Files\be\be::detail</Filter>
    </ClInclude>
    <ClInclude Include="..\..\include\be\detail\handle_manager.h">
      <Filter>Header Files\be\be::detail</Filter>
    </ClInclude>
    <ClInclude Include="..\..\include\pbj\engine.h">
      <Filter>Header Files\pbj</Filter>
    </ClInclude>
    <ClInclude Include="..\..\include\pbj\sw\sandwich.h">
      <Filter>Header Files\pbj\pbj::sw</Filter>
    </ClInclude>
    <ClInclude Include="..\..\include\pbj\sw\sandwich_open.h">
      <Filter>Header Files\pbj\pbj::sw</Filter>
    </ClInclude>
    <ClInclude Include="..\..\include\pbj\window.h">
      <Filter>Header Files\pbj</Filter>
    </ClInclude>
    <ClInclude Include="..\..\include\pbj\window_settings.h">
      <Filter>Header Files\pbj</Filter>
    </ClInclude>
    <ClInclude Include="..\..\include\pbj\sw\resource_id.h">
      <Filter>Header Files\pbj\pbj::sw</Filter>
    </ClInclude>
    <ClInclude Include="..\..\include\be\_be.h">
      <Filter>Header Files\be</Filter>
    </ClInclude>
    <ClInclude Include="..\..\include\pbj\gfx\texture_font.h">
      <Filter>Header Files\pbj\pbj::gfx</Filter>
    </ClInclude>
    <ClInclude Include="..\..\include\pbj\gfx\mesh.h">
      <Filter>Header Files\pbj\pbj::gfx</Filter>
    </ClInclude>
    <ClInclude Include="..\..\include\pbj\gfx\mesh_instance.h">
      <Filter>Header Files\pbj\pbj::gfx</Filter>
    </ClInclude>
    <ClInclude Include="..\..\include\pbj\gfx\shader.h">
      <Filter>Header Files\pbj\pbj::gfx</Filter>
    </ClInclude>
    <ClInclude Include="..\..\include\pbj\gfx\shader_program.h">
      <Filter>Header Files\pbj\pbj::gfx</Filter>
    </ClInclude>
    <ClInclude Include="..\..\include\pbj\gfx\skeletal_mesh.h">
      <Filter>Header Files\pbj\pbj::gfx</Filter>
    </ClInclude>
    <ClInclude Include="..\..\include\pbj\gfx\skeletal_mesh_instance.h">
      <Filter>Header Files\pbj\pbj::gfx</Filter>
    </ClInclude>
    <ClInclude Include="..\..\include\pbj\gfx\skeleton.h">
      <Filter>Header Files\pbj\pbj::gfx</Filter>
    </ClInclude>
    <ClInclude Include="..\..\include\pbj\gfx\skeleton_pose.h">
      <Filter>Header Files\pbj\pbj::gfx</Filter>
    </ClInclude>
    <ClInclude Include="..\..\include\pbj\gfx\texture.h">
      <Filter>Header Files\pbj\pbj::gfx</Filter>
    </ClInclude>
    <ClInclude Include="..\..\include\pbj\audio\audio_buffer.h">
      <Filter>Header Files\pbj\pbj::audio</Filter>
    </ClInclude>
    <ClInclude Include="..\..\include\pbj\_al.h">
      <Filter>Header Files\pbj\%28convenience headers%29</Filter>
    </ClInclude>
    <ClInclude Include="..\..\include\pbj\_gl.h">
      <Filter>Header Files\pbj\%28convenience headers%29</Filter>
    </ClInclude>
    <ClInclude Include="..\..\include\pbj\_math.h">
      <Filter>Header Files\pbj\%28convenience headers%29</Filter>
    </ClInclude>
    <ClInclude Include="..\..\include\pbj\_pbj.h">
      <Filter>Header Files\pbj\%28convenience headers%29</Filter>
    </ClInclude>
    <ClInclude Include="..\..\include\pbj\scene\ui_image.h">
      <Filter>Header Files\pbj\pbj::scene\%28ui%29</Filter>
    </ClInclude>
    <ClInclude Include="..\..\include\pbj\scene\ui_label.h">
      <Filter>Header Files\pbj\pbj::scene\%28ui%29</Filter>
    </ClInclude>
    <ClInclude Include="..\..\include\pbj\scene\ui_element.h">
      <Filter>Header Files\pbj\pbj::scene\%28ui%29</Filter>
    </ClInclude>
    <ClInclude Include="..\..\include\pbj\input_controller.h">
      <Filter>Header Files\pbj</Filter>
    </ClInclude>
    <ClInclude Include="..\..\include\pbj\transform.h">
      <Filter>Header Files\pbj</Filter>
    </ClInclude>
    <ClInclude Include="..\..\include\pbj\gfx\texture_font_text.h">
      <Filter>Header Files\pbj\pbj::gfx</Filter>
    </ClInclude>
    <ClInclude Include="..\..\include\pbj\scene\ui_button.h">
      <Filter>Header Files\pbj\pbj::scene\%28ui%29</Filter>
    </ClInclude>
    <ClInclude Include="..\..\include\pbj\gfx\texture_font_character.h">
      <Filter>Header Files\pbj\pbj::gfx</Filter>
    </ClInclude>
    <ClInclude Include="..\..\include\pbj\gfx\built_ins.h">
      <Filter>Header Files\pbj\pbj::gfx</Filter>
    </ClInclude>
  </ItemGroup>
  <ItemGroup>
    <None Include="..\..\include\be\const_handle.inl">
      <Filter>Header Files\be</Filter>
    </None>
    <None Include="..\..\include\be\handle.inl">
      <Filter>Header Files\be</Filter>
    </None>
    <None Include="..\..\include\be\id.inl">
      <Filter>Header Files\be</Filter>
    </None>
    <None Include="..\..\include\be\source_handle.inl">
      <Filter>Header Files\be</Filter>
    </None>
    <None Include="..\..\include\be\detail\handle_manager.inl">
      <Filter>Header Files\be\be::detail</Filter>
    </None>
    <None Include="..\..\include\pbj\sw\resource_id.inl">
      <Filter>Header Files\pbj\pbj::sw</Filter>
    </None>
    <None Include="..\..\include\pbj\gfx\texture_font.inl">
      <Filter>Header Files\pbj\pbj::gfx</Filter>
    </None>
    <None Include="..\..\include\pbj\gfx\shader_program.inl">
      <Filter>Header Files\pbj\pbj::gfx</Filter>
    </None>
  </ItemGroup>
</Project>