<?xml version="1.0" encoding="utf-8"?>
<Project ToolsVersion="4.0" xmlns="http://schemas.microsoft.com/developer/msbuild/2003">
  <ItemGroup>
    <Filter Include="Source Files">
      <UniqueIdentifier>{4FC737F1-C7A5-4376-A066-2A32D752A2FF}</UniqueIdentifier>
      <Extensions>cpp;c;cc;cxx;def;odl;idl;hpj;bat;asm;asmx</Extensions>
    </Filter>
    <Filter Include="Header Files">
      <UniqueIdentifier>{93995380-89BD-4b04-88EB-625FBE52EBFB}</UniqueIdentifier>
      <Extensions>h;hpp;hxx;hm;inl;inc;xsd</Extensions>
    </Filter>
    <Filter Include="Resource Files">
      <UniqueIdentifier>{67DA6AB6-F800-4c08-8B7A-83BB121AAD01}</UniqueIdentifier>
      <Extensions>rc;ico;cur;bmp;dlg;rc2;rct;bin;rgs;gif;jpg;jpeg;jpe;resx;tiff;tif;png;wav;mfcribbon-ms</Extensions>
    </Filter>
    <Filter Include="Header Files\%28convenience headers%29">
      <UniqueIdentifier>{b30b6536-3af3-4b94-87d1-aaa70d18fef0}</UniqueIdentifier>
    </Filter>
    <Filter Include="Source Files\pbj">
      <UniqueIdentifier>{0aaf0fdb-fbd9-42f4-a7aa-e87c0b45d4dd}</UniqueIdentifier>
    </Filter>
    <Filter Include="Source Files\pbj\pbj::gfx">
      <UniqueIdentifier>{949a79a2-f154-4343-92ab-e03966478627}</UniqueIdentifier>
    </Filter>
    <Filter Include="Source Files\pbj\pbj::gfx\be">
      <UniqueIdentifier>{6682e695-f515-4671-a29f-5680e5c47084}</UniqueIdentifier>
    </Filter>
    <Filter Include="Source Files\pbj\pbj::gfx\be\be::util">
      <UniqueIdentifier>{a995877a-cd90-4c52-b2f4-024af6f9a978}</UniqueIdentifier>
    </Filter>
    <Filter Include="Source Files\pbj\pbj::gfx\be\be::bed">
      <UniqueIdentifier>{ed5905ae-023c-45fd-b634-879d242030ae}</UniqueIdentifier>
    </Filter>
    <Filter Include="Source Files\pbj\pbj::gfx\be\be::bed\be::bed::detail">
      <UniqueIdentifier>{f985b63e-7122-47da-bec2-6cf2134c9950}</UniqueIdentifier>
    </Filter>
    <Filter Include="Source Files\pbj\pbj::net">
      <UniqueIdentifier>{8363524e-2e2d-4c54-a222-40971aaa5163}</UniqueIdentifier>
    </Filter>
    <Filter Include="Source Files\pbj\pbj::scene">
      <UniqueIdentifier>{3f5b04e2-c3ef-423a-a1ef-018533e2d84f}</UniqueIdentifier>
    </Filter>
    <Filter Include="Source Files\pbj\pbj::scene\%28ui%29">
      <UniqueIdentifier>{b4ae3a2f-e003-4b98-9f98-830592d2e132}</UniqueIdentifier>
    </Filter>
    <Filter Include="Source Files\pbj\pbj::sw">
      <UniqueIdentifier>{9058bd48-7fec-4e0b-8fee-8c53790442e4}</UniqueIdentifier>
    </Filter>
    <Filter Include="Header Files\pbj">
      <UniqueIdentifier>{8fcb3f71-7c15-45ca-984b-04f053ed396f}</UniqueIdentifier>
    </Filter>
    <Filter Include="Header Files\pbj\pbj::net">
      <UniqueIdentifier>{d6db5d40-4d57-4a8e-b0e0-37f9992e83ea}</UniqueIdentifier>
    </Filter>
    <Filter Include="Header Files\pbj\pbj::gfx">
      <UniqueIdentifier>{bd6a1194-68e2-45ea-8fec-717e583c642e}</UniqueIdentifier>
    </Filter>
    <Filter Include="Header Files\pbj\pbj::scene">
      <UniqueIdentifier>{b369b7d3-cc9e-4e6f-9818-6cfbac992d85}</UniqueIdentifier>
    </Filter>
    <Filter Include="Header Files\pbj\pbj::scene\%28ui%29">
      <UniqueIdentifier>{c5bd0cd2-e039-4265-86fc-18ec673be536}</UniqueIdentifier>
    </Filter>
    <Filter Include="Header Files\pbj\pbj::sw">
      <UniqueIdentifier>{515e2c2e-566d-4f77-8eaf-081b1f3ccded}</UniqueIdentifier>
    </Filter>
    <Filter Include="Header Files\be">
      <UniqueIdentifier>{24bd2dbd-d8da-453f-8534-fad8a25e65dd}</UniqueIdentifier>
    </Filter>
    <Filter Include="Header Files\be\be::util">
      <UniqueIdentifier>{ab7b9c5f-714f-42be-bffe-943c82187be6}</UniqueIdentifier>
    </Filter>
    <Filter Include="Header Files\be\be::bed">
      <UniqueIdentifier>{fa3bed7f-56ca-42de-84aa-ac6a77ab136d}</UniqueIdentifier>
    </Filter>
    <Filter Include="Header Files\be\be::bed\be::bed::detail">
      <UniqueIdentifier>{8ea9fa26-7ea5-4128-9bc5-a25be7f49de4}</UniqueIdentifier>
    </Filter>
    <Filter Include="Header Files\be\be::detail">
      <UniqueIdentifier>{203d3ccb-0a65-49a7-a565-3a074a337f39}</UniqueIdentifier>
    </Filter>
    <Filter Include="Source Files\_deps">
      <UniqueIdentifier>{b1c1a047-1011-4394-84bf-74178f1c7366}</UniqueIdentifier>
    </Filter>
  </ItemGroup>
  <ItemGroup>
    <ClInclude Include="..\..\include\pbj\net\net_address.h">
      <Filter>Header Files\pbj\pbj::net</Filter>
    </ClInclude>
    <ClInclude Include="..\..\include\pbj\net\net_beacon.h">
      <Filter>Header Files\pbj\pbj::net</Filter>
    </ClInclude>
    <ClInclude Include="..\..\include\pbj\net\net_connection.h">
      <Filter>Header Files\pbj\pbj::net</Filter>
    </ClInclude>
    <ClInclude Include="..\..\include\pbj\net\net_listener.h">
      <Filter>Header Files\pbj\pbj::net</Filter>
    </ClInclude>
    <ClInclude Include="..\..\include\pbj\net\net_node.h">
      <Filter>Header Files\pbj\pbj::net</Filter>
    </ClInclude>
    <ClInclude Include="..\..\include\pbj\net\net_node_mesh.h">
      <Filter>Header Files\pbj\pbj::net</Filter>
    </ClInclude>
    <ClInclude Include="..\..\include\pbj\net\net_platform.h">
      <Filter>Header Files\pbj\pbj::net</Filter>
    </ClInclude>
    <ClInclude Include="..\..\include\pbj\net\net_reliability.h">
      <Filter>Header Files\pbj\pbj::net</Filter>
    </ClInclude>
    <ClInclude Include="..\..\include\pbj\net\net_reliable_connection.h">
      <Filter>Header Files\pbj\pbj::net</Filter>
    </ClInclude>
    <ClInclude Include="..\..\include\pbj\net\net_sockets.h">
      <Filter>Header Files\pbj\pbj::net</Filter>
    </ClInclude>
    <ClInclude Include="..\..\include\pbj\net\net_transport.h">
      <Filter>Header Files\pbj\pbj::net</Filter>
    </ClInclude>
    <ClInclude Include="..\..\include\pbj\_al.h">
      <Filter>Header Files\%28convenience headers%29</Filter>
    </ClInclude>
    <ClInclude Include="..\..\include\pbj\_gl.h">
      <Filter>Header Files\%28convenience headers%29</Filter>
    </ClInclude>
    <ClInclude Include="..\..\include\pbj\_math.h">
      <Filter>Header Files\%28convenience headers%29</Filter>
    </ClInclude>
    <ClInclude Include="..\..\include\pbj\_pbj.h">
      <Filter>Header Files\%28convenience headers%29</Filter>
    </ClInclude>
    <ClInclude Include="..\..\include\pbj\engine.h">
      <Filter>Header Files\pbj</Filter>
    </ClInclude>
    <ClInclude Include="..\..\include\pbj\gfx\built_ins.h">
      <Filter>Header Files\pbj\pbj::gfx</Filter>
    </ClInclude>
    <ClInclude Include="..\..\include\pbj\gfx\mesh.h">
      <Filter>Header Files\pbj\pbj::gfx</Filter>
    </ClInclude>
    <ClInclude Include="..\..\include\pbj\gfx\mesh_instance.h">
      <Filter>Header Files\pbj\pbj::gfx</Filter>
    </ClInclude>
    <ClInclude Include="..\..\include\pbj\gfx\shader.h">
      <Filter>Header Files\pbj\pbj::gfx</Filter>
    </ClInclude>
    <ClInclude Include="..\..\include\pbj\gfx\shader_program.h">
      <Filter>Header Files\pbj\pbj::gfx</Filter>
    </ClInclude>
    <ClInclude Include="..\..\include\pbj\gfx\skeletal_mesh.h">
      <Filter>Header Files\pbj\pbj::gfx</Filter>
    </ClInclude>
    <ClInclude Include="..\..\include\pbj\gfx\skeletal_mesh_instance.h">
      <Filter>Header Files\pbj\pbj::gfx</Filter>
    </ClInclude>
    <ClInclude Include="..\..\include\pbj\gfx\skeleton.h">
      <Filter>Header Files\pbj\pbj::gfx</Filter>
    </ClInclude>
    <ClInclude Include="..\..\include\pbj\gfx\skeleton_pose.h">
      <Filter>Header Files\pbj\pbj::gfx</Filter>
    </ClInclude>
    <ClInclude Include="..\..\include\pbj\gfx\texture.h">
      <Filter>Header Files\pbj\pbj::gfx</Filter>
    </ClInclude>
    <ClInclude Include="..\..\include\pbj\gfx\texture_font.h">
      <Filter>Header Files\pbj\pbj::gfx</Filter>
    </ClInclude>
    <ClInclude Include="..\..\include\pbj\gfx\texture_font_character.h">
      <Filter>Header Files\pbj\pbj::gfx</Filter>
    </ClInclude>
    <ClInclude Include="..\..\include\pbj\gfx\texture_font_text.h">
      <Filter>Header Files\pbj\pbj::gfx</Filter>
    </ClInclude>
    <ClInclude Include="..\..\include\pbj\scene\ui_button.h">
      <Filter>Header Files\pbj\pbj::scene\%28ui%29</Filter>
    </ClInclude>
    <ClInclude Include="..\..\include\pbj\scene\ui_element.h">
      <Filter>Header Files\pbj\pbj::scene\%28ui%29</Filter>
    </ClInclude>
    <ClInclude Include="..\..\include\pbj\scene\ui_image.h">
      <Filter>Header Files\pbj\pbj::scene\%28ui%29</Filter>
    </ClInclude>
    <ClInclude Include="..\..\include\pbj\scene\ui_label.h">
      <Filter>Header Files\pbj\pbj::scene\%28ui%29</Filter>
    </ClInclude>
    <ClInclude Include="..\..\include\pbj\sw\resource_id.h">
      <Filter>Header Files\pbj\pbj::sw</Filter>
    </ClInclude>
    <ClInclude Include="..\..\include\pbj\sw\sandwich.h">
      <Filter>Header Files\pbj\pbj::sw</Filter>
    </ClInclude>
    <ClInclude Include="..\..\include\pbj\sw\sandwich_open.h">
      <Filter>Header Files\pbj\pbj::sw</Filter>
    </ClInclude>
    <ClInclude Include="..\..\include\pbj\input_controller.h">
      <Filter>Header Files\pbj</Filter>
    </ClInclude>
    <ClInclude Include="..\..\include\pbj\transform.h">
      <Filter>Header Files\pbj</Filter>
    </ClInclude>
    <ClInclude Include="..\..\include\pbj\window.h">
      <Filter>Header Files\pbj</Filter>
    </ClInclude>
    <ClInclude Include="..\..\include\pbj\window_settings.h">
      <Filter>Header Files\pbj</Filter>
    </ClInclude>
    <ClInclude Include="..\..\include\be\const_handle.h">
      <Filter>Header Files\be</Filter>
    </ClInclude>
    <ClInclude Include="..\..\include\be\handle.h">
      <Filter>Header Files\be</Filter>
    </ClInclude>
    <ClInclude Include="..\..\include\be\id.h">
      <Filter>Header Files\be</Filter>
    </ClInclude>
    <ClInclude Include="..\..\include\be\source_handle.h">
      <Filter>Header Files\be</Filter>
    </ClInclude>
    <ClInclude Include="..\..\include\be\_be.h">
      <Filter>Header Files\be</Filter>
    </ClInclude>
    <ClInclude Include="..\..\include\be\util\nconvert.h">
      <Filter>Header Files\be\be::util</Filter>
    </ClInclude>
    <ClInclude Include="..\..\include\be\bed\cached_stmt.h">
      <Filter>Header Files\be\be::bed</Filter>
    </ClInclude>
    <ClInclude Include="..\..\include\be\bed\db.h">
      <Filter>Header Files\be\be::bed</Filter>
    </ClInclude>
    <ClInclude Include="..\..\include\be\bed\stmt.h">
      <Filter>Header Files\be\be::bed</Filter>
    </ClInclude>
    <ClInclude Include="..\..\include\be\bed\stmt_cache.h">
      <Filter>Header Files\be\be::bed</Filter>
    </ClInclude>
    <ClInclude Include="..\..\include\be\bed\transaction.h">
      <Filter>Header Files\be\be::bed</Filter>
    </ClInclude>
    <ClInclude Include="..\..\include\be\bed\detail\db_error.h">
      <Filter>Header Files\be\be::bed\be::bed::detail</Filter>
    </ClInclude>
    <ClInclude Include="..\..\include\be\bed\detail\stmt_cache_entry.h">
      <Filter>Header Files\be\be::bed\be::bed::detail</Filter>
    </ClInclude>
    <ClInclude Include="..\..\include\be\detail\handle_entry.h">
      <Filter>Header Files\be\be::detail</Filter>
    </ClInclude>
    <ClInclude Include="..\..\include\be\detail\handle_manager.h">
      <Filter>Header Files\be\be::detail</Filter>
    </ClInclude>
    <ClInclude Include="..\..\include\pbj\net\net_flow_control.h">
      <Filter>Header Files\pbj\pbj::net</Filter>
    </ClInclude>
  </ItemGroup>
  <ItemGroup>
    <ClCompile Include="..\..\src\server_app_entry.cpp">
      <Filter>Source Files</Filter>
    </ClCompile>
    <ClCompile Include="..\..\src\pbj\net\net_address.cpp">
      <Filter>Source Files\pbj\pbj::net</Filter>
    </ClCompile>
    <ClCompile Include="..\..\src\pbj\net\net_beacon.cpp">
      <Filter>Source Files\pbj\pbj::net</Filter>
    </ClCompile>
    <ClCompile Include="..\..\src\pbj\net\net_connection.cpp">
      <Filter>Source Files\pbj\pbj::net</Filter>
    </ClCompile>
    <ClCompile Include="..\..\src\pbj\net\net_listener.cpp">
      <Filter>Source Files\pbj\pbj::net</Filter>
    </ClCompile>
    <ClCompile Include="..\..\src\pbj\net\net_node.cpp">
      <Filter>Source Files\pbj\pbj::net</Filter>
    </ClCompile>
    <ClCompile Include="..\..\src\pbj\net\net_node_mesh.cpp">
      <Filter>Source Files\pbj\pbj::net</Filter>
    </ClCompile>
    <ClCompile Include="..\..\src\pbj\net\net_reliability.cpp">
      <Filter>Source Files\pbj\pbj::net</Filter>
    </ClCompile>
    <ClCompile Include="..\..\src\pbj\net\net_reliable_connection.cpp">
      <Filter>Source Files\pbj\pbj::net</Filter>
    </ClCompile>
    <ClCompile Include="..\..\src\pbj\net\net_sockets.cpp">
      <Filter>Source Files\pbj\pbj::net</Filter>
    </ClCompile>
    <ClCompile Include="..\..\src\pbj\gfx\built_ins.cpp">
      <Filter>Source Files\pbj\pbj::gfx</Filter>
    </ClCompile>
    <ClCompile Include="..\..\src\pbj\gfx\shader.cpp">
      <Filter>Source Files\pbj\pbj::gfx</Filter>
    </ClCompile>
    <ClCompile Include="..\..\src\pbj\gfx\shader_program.cpp">
      <Filter>Source Files\pbj\pbj::gfx</Filter>
    </ClCompile>
    <ClCompile Include="..\..\src\pbj\gfx\texture.cpp">
      <Filter>Source Files\pbj\pbj::gfx</Filter>
    </ClCompile>
    <ClCompile Include="..\..\src\pbj\gfx\texture_font.cpp">
      <Filter>Source Files\pbj\pbj::gfx</Filter>
    </ClCompile>
    <ClCompile Include="..\..\src\pbj\gfx\texture_font_character.cpp">
      <Filter>Source Files\pbj\pbj::gfx</Filter>
    </ClCompile>
    <ClCompile Include="..\..\src\pbj\gfx\texture_font_text.cpp">
      <Filter>Source Files\pbj\pbj::gfx</Filter>
    </ClCompile>
    <ClCompile Include="..\..\src\be\id.cpp">
      <Filter>Source Files\pbj\pbj::gfx\be</Filter>
    </ClCompile>
    <ClCompile Include="..\..\src\be\verbosity.cpp">
      <Filter>Source Files\pbj\pbj::gfx\be</Filter>
    </ClCompile>
    <ClCompile Include="..\..\src\be\util\nconvert.cpp">
      <Filter>Source Files\pbj\pbj::gfx\be\be::util</Filter>
    </ClCompile>
    <ClCompile Include="..\..\src\be\bed\cached_stmt.cpp">
      <Filter>Source Files\pbj\pbj::gfx\be\be::bed</Filter>
    </ClCompile>
    <ClCompile Include="..\..\src\be\bed\db.cpp">
      <Filter>Source Files\pbj\pbj::gfx\be\be::bed</Filter>
    </ClCompile>
    <ClCompile Include="..\..\src\be\bed\stmt.cpp">
      <Filter>Source Files\pbj\pbj::gfx\be\be::bed</Filter>
    </ClCompile>
    <ClCompile Include="..\..\src\be\bed\stmt_cache.cpp">
      <Filter>Source Files\pbj\pbj::gfx\be\be::bed</Filter>
    </ClCompile>
    <ClCompile Include="..\..\src\be\bed\transaction.cpp">
      <Filter>Source Files\pbj\pbj::gfx\be\be::bed</Filter>
    </ClCompile>
    <ClCompile Include="..\..\src\be\bed\detail\db_error.cpp">
      <Filter>Source Files\pbj\pbj::gfx\be\be::bed\be::bed::detail</Filter>
    </ClCompile>
    <ClCompile Include="..\..\src\be\bed\detail\stmt_cache_entry.cpp">
      <Filter>Source Files\pbj\pbj::gfx\be\be::bed\be::bed::detail</Filter>
    </ClCompile>
    <ClCompile Include="..\..\src\pbj\sw\resource_id.cpp">
      <Filter>Source Files\pbj\pbj::sw</Filter>
    </ClCompile>
    <ClCompile Include="..\..\src\pbj\sw\sandwich.cpp">
      <Filter>Source Files\pbj\pbj::sw</Filter>
    </ClCompile>
    <ClCompile Include="..\..\src\pbj\sw\sandwich_open.cpp">
      <Filter>Source Files\pbj\pbj::sw</Filter>
    </ClCompile>
    <ClCompile Include="..\..\src\pbj\scene\ui_element.cpp">
      <Filter>Source Files\pbj\pbj::scene\%28ui%29</Filter>
    </ClCompile>
    <ClCompile Include="..\..\src\pbj\scene\ui_image.cpp">
      <Filter>Source Files\pbj\pbj::scene\%28ui%29</Filter>
    </ClCompile>
    <ClCompile Include="..\..\src\pbj\engine.cpp">
      <Filter>Source Files\pbj</Filter>
    </ClCompile>
    <ClCompile Include="..\..\src\pbj\input_controller.cpp">
      <Filter>Source Files\pbj</Filter>
    </ClCompile>
    <ClCompile Include="..\..\src\pbj\transform.cpp">
      <Filter>Source Files\pbj</Filter>
    </ClCompile>
    <ClCompile Include="..\..\src\pbj\window.cpp">
      <Filter>Source Files\pbj</Filter>
    </ClCompile>
    <ClCompile Include="..\..\src\pbj\window_settings.cpp">
      <Filter>Source Files\pbj</Filter>
    </ClCompile>
    <ClCompile Include="..\..\deps\pugixml.cpp">
      <Filter>Source Files\_deps</Filter>
    </ClCompile>
    <ClCompile Include="..\..\deps\sqlite3.c">
      <Filter>Source Files\_deps</Filter>
    </ClCompile>
    <ClCompile Include="..\..\deps\stb_image.c">
      <Filter>Source Files\_deps</Filter>
    </ClCompile>
    <ClCompile Include="..\..\src\pbj\net\net_flow_control.cpp">
      <Filter>Source Files\pbj\pbj::net</Filter>
    </ClCompile>
    <ClCompile Include="..\..\src\pbj\net\net_transport.cpp">
      <Filter>Source Files\pbj\pbj::net</Filter>
    </ClCompile>
  </ItemGroup>
  <ItemGroup>
    <None Include="..\..\include\pbj\gfx\shader_program.inl">
      <Filter>Header Files\pbj\pbj::gfx</Filter>
    </None>
    <None Include="..\..\include\pbj\gfx\texture_font.inl">
      <Filter>Header Files\pbj\pbj::gfx</Filter>
    </None>
    <None Include="..\..\include\pbj\sw\resource_id.inl">
      <Filter>Header Files\pbj\pbj::sw</Filter>
    </None>
    <None Include="..\..\include\be\const_handle.inl">
      <Filter>Header Files\be</Filter>
    </None>
    <None Include="..\..\include\be\handle.inl">
      <Filter>Header Files\be</Filter>
    </None>
    <None Include="..\..\include\be\id.inl">
      <Filter>Header Files\be</Filter>
    </None>
    <None Include="..\..\include\be\source_handle.inl">
      <Filter>Header Files\be</Filter>
    </None>
    <None Include="..\..\include\be\detail\handle_manager.inl">
      <Filter>Header Files\be\be::detail</Filter>
    </None>
  </ItemGroup>
</Project>