<?xml version="1.0" encoding="utf-8"?>
<Project ToolsVersion="4.0" xmlns="http://schemas.microsoft.com/developer/msbuild/2003">
  <ItemGroup>
    <Filter Include="Source Files">
      <UniqueIdentifier>{4FC737F1-C7A5-4376-A066-2A32D752A2FF}</UniqueIdentifier>
      <Extensions>cpp;c;cc;cxx;def;odl;idl;hpj;bat;asm;asmx</Extensions>
    </Filter>
    <Filter Include="Header Files">
      <UniqueIdentifier>{93995380-89BD-4b04-88EB-625FBE52EBFB}</UniqueIdentifier>
      <Extensions>h;hpp;hxx;hm;inl;inc;xsd</Extensions>
    </Filter>
    <Filter Include="Resource Files">
      <UniqueIdentifier>{67DA6AB6-F800-4c08-8B7A-83BB121AAD01}</UniqueIdentifier>
      <Extensions>rc;ico;cur;bmp;dlg;rc2;rct;bin;rgs;gif;jpg;jpeg;jpe;resx;tiff;tif;png;wav;mfcribbon-ms</Extensions>
    </Filter>
    <Filter Include="Source Files\_deps">
      <UniqueIdentifier>{dbe2b46f-867a-452f-8462-8868340cd4ca}</UniqueIdentifier>
    </Filter>
    <Filter Include="Source Files\%28tests%29">
      <UniqueIdentifier>{2d46c381-bce4-4b29-88d0-c6be77466c67}</UniqueIdentifier>
    </Filter>
    <Filter Include="Source Files\be">
      <UniqueIdentifier>{3eb10e34-9e1e-40c1-afa8-3a64a738ac79}</UniqueIdentifier>
    </Filter>
    <Filter Include="Source Files\pbj">
      <UniqueIdentifier>{9c8091ab-f60a-476d-9ec3-03f6b18be530}</UniqueIdentifier>
    </Filter>
    <Filter Include="Header Files\be">
      <UniqueIdentifier>{2b5cd5c6-f1b1-4dff-9660-261102b67f22}</UniqueIdentifier>
    </Filter>
    <Filter Include="Header Files\pbj">
      <UniqueIdentifier>{0151e48d-92ef-4a6f-89f4-f902c613fa98}</UniqueIdentifier>
    </Filter>
    <Filter Include="Header Files\be\be::util">
      <UniqueIdentifier>{21de29bf-74fc-4f1d-845f-dbe5b4e009dd}</UniqueIdentifier>
    </Filter>
    <Filter Include="Header Files\be\be::bed">
      <UniqueIdentifier>{d31dff72-22df-4bad-9508-f20d5a643e09}</UniqueIdentifier>
    </Filter>
    <Filter Include="Header Files\be\be::bed\be::bed::detail">
      <UniqueIdentifier>{cc7136af-6f4a-47dd-8711-9418626ee0aa}</UniqueIdentifier>
    </Filter>
    <Filter Include="Source Files\be\be::util">
      <UniqueIdentifier>{65058fbc-0bc3-4ca9-be4a-ebe6a8fc9667}</UniqueIdentifier>
    </Filter>
    <Filter Include="Source Files\be\be::bed">
      <UniqueIdentifier>{feca4199-2796-4af2-99a3-41c4f45118aa}</UniqueIdentifier>
    </Filter>
    <Filter Include="Source Files\be\be::bed\be::bed::detail">
      <UniqueIdentifier>{f8cf1584-d628-4faa-917d-2e1640cb61c5}</UniqueIdentifier>
    </Filter>
    <Filter Include="Header Files\be\%28_headers%29">
      <UniqueIdentifier>{7f956aa8-82ef-42e6-af6a-20575dfb5fe1}</UniqueIdentifier>
    </Filter>
    <Filter Include="Header Files\be\be::detail">
      <UniqueIdentifier>{bd28ad98-767a-4456-a4e7-63a389ff9df6}</UniqueIdentifier>
    </Filter>
  </ItemGroup>
  <ItemGroup>
    <ClCompile Include="..\..\deps\sqlite3.c">
      <Filter>Source Files\_deps</Filter>
    </ClCompile>
    <ClCompile Include="..\..\deps\stb_image.c">
      <Filter>Source Files\_deps</Filter>
    </ClCompile>
    <ClCompile Include="..\..\tests\test_id.cpp">
      <Filter>Source Files\%28tests%29</Filter>
    </ClCompile>
    <ClCompile Include="..\..\src\be\bed\detail\db_error.cpp">
      <Filter>Source Files\be\be::bed\be::bed::detail</Filter>
    </ClCompile>
    <ClCompile Include="..\..\src\be\bed\detail\stmt_cache_entry.cpp">
      <Filter>Source Files\be\be::bed\be::bed::detail</Filter>
    </ClCompile>
    <ClCompile Include="..\..\src\be\bed\cached_stmt.cpp">
      <Filter>Source Files\be\be::bed</Filter>
    </ClCompile>
    <ClCompile Include="..\..\src\be\bed\db.cpp">
      <Filter>Source Files\be\be::bed</Filter>
    </ClCompile>
    <ClCompile Include="..\..\src\be\bed\stmt.cpp">
      <Filter>Source Files\be\be::bed</Filter>
    </ClCompile>
    <ClCompile Include="..\..\src\be\bed\stmt_cache.cpp">
      <Filter>Source Files\be\be::bed</Filter>
    </ClCompile>
    <ClCompile Include="..\..\src\be\bed\transaction.cpp">
      <Filter>Source Files\be\be::bed</Filter>
    </ClCompile>
    <ClCompile Include="..\..\src\be\util\nconvert.cpp">
      <Filter>Source Files\be\be::util</Filter>
    </ClCompile>
    <ClCompile Include="..\..\src\be\asset_id.cpp">
      <Filter>Source Files\be</Filter>
    </ClCompile>
    <ClCompile Include="..\..\src\be\id.cpp">
      <Filter>Source Files\be</Filter>
    </ClCompile>
    <ClCompile Include="..\..\src\be\verbosity.cpp">
      <Filter>Source Files\be</Filter>
    </ClCompile>
    <ClCompile Include="..\..\src\pbj\engine.cpp">
      <Filter>Source Files\pbj</Filter>
    </ClCompile>
    <ClCompile Include="..\..\src\app_entry.cpp">
      <Filter>Source Files</Filter>
    </ClCompile>
  </ItemGroup>
  <ItemGroup>
    <ClInclude Include="..\..\include\_doxygen.h">
      <Filter>Header Files\be\%28_headers%29</Filter>
    </ClInclude>
    <ClInclude Include="..\..\include\be\_al.h">
      <Filter>Header Files\be\%28_headers%29</Filter>
    </ClInclude>
    <ClInclude Include="..\..\include\be\_be.h">
      <Filter>Header Files\be\%28_headers%29</Filter>
    </ClInclude>
    <ClInclude Include="..\..\include\be\_gl.h">
      <Filter>Header Files\be\%28_headers%29</Filter>
    </ClInclude>
    <ClInclude Include="..\..\include\be\_math.h">
      <Filter>Header Files\be\%28_headers%29</Filter>
    </ClInclude>
    <ClInclude Include="..\..\include\pbj\_pbj.h">
      <Filter>Header Files\pbj</Filter>
    </ClInclude>
    <ClInclude Include="..\..\include\pbj\engine.h">
      <Filter>Header Files\pbj</Filter>
    </ClInclude>
    <ClInclude Include="..\..\include\be\util\nconvert.h">
      <Filter>Header Files\be\be::util</Filter>
    </ClInclude>
    <ClInclude Include="..\..\include\be\bed\detail\db_error.h">
      <Filter>Header Files\be\be::bed\be::bed::detail</Filter>
    </ClInclude>
    <ClInclude Include="..\..\include\be\bed\detail\stmt_cache_entry.h">
      <Filter>Header Files\be\be::bed\be::bed::detail</Filter>
    </ClInclude>
    <ClInclude Include="..\..\include\be\bed\cached_stmt.h">
      <Filter>Header Files\be\be::bed</Filter>
    </ClInclude>
    <ClInclude Include="..\..\include\be\bed\db.h">
      <Filter>Header Files\be\be::bed</Filter>
    </ClInclude>
    <ClInclude Include="..\..\include\be\bed\stmt.h">
      <Filter>Header Files\be\be::bed</Filter>
    </ClInclude>
    <ClInclude Include="..\..\include\be\bed\stmt_cache.h">
      <Filter>Header Files\be\be::bed</Filter>
    </ClInclude>
    <ClInclude Include="..\..\include\be\bed\transaction.h">
      <Filter>Header Files\be\be::bed</Filter>
    </ClInclude>
    <ClInclude Include="..\..\include\be\detail\handle_entry.h">
      <Filter>Header Files\be\be::detail</Filter>
    </ClInclude>
    <ClInclude Include="..\..\include\be\detail\handle_manager.h">
      <Filter>Header Files\be\be::detail</Filter>
    </ClInclude>
    <ClInclude Include="..\..\include\be\asset_id.h">
      <Filter>Header Files\be</Filter>
    </ClInclude>
    <ClInclude Include="..\..\include\be\const_handle.h">
      <Filter>Header Files\be</Filter>
    </ClInclude>
    <ClInclude Include="..\..\include\be\handle.h">
      <Filter>Header Files\be</Filter>
    </ClInclude>
    <ClInclude Include="..\..\include\be\id.h">
      <Filter>Header Files\be</Filter>
    </ClInclude>
    <ClInclude Include="..\..\include\be\source_handle.h">
      <Filter>Header Files\be</Filter>
    </ClInclude>
    <ClInclude Include="..\..\include\pbj\_math.h">
      <Filter>Header Files\pbj</Filter>
    </ClInclude>
  </ItemGroup>
  <ItemGroup>
    <None Include="..\..\include\be\detail\handle_manager.inl">
      <Filter>Header Files\be\be::detail</Filter>
    </None>
    <None Include="..\..\include\be\asset_id.inl">
      <Filter>Header Files\be</Filter>
    </None>
    <None Include="..\..\include\be\const_handle.inl">
      <Filter>Header Files\be</Filter>
    </None>
    <None Include="..\..\include\be\handle.inl">
      <Filter>Header Files\be</Filter>
    </None>
    <None Include="..\..\include\be\id.inl">
      <Filter>Header Files\be</Filter>
    </None>
    <None Include="..\..\include\be\source_handle.inl">
      <Filter>Header Files\be</Filter>
    </None>
  </ItemGroup>
</Project>