<?xml version="1.0" encoding="utf-8"?>
<Project ToolsVersion="4.0" xmlns="http://schemas.microsoft.com/developer/msbuild/2003">
  <ItemGroup>
    <Filter Include="Source Files">
      <UniqueIdentifier>{4FC737F1-C7A5-4376-A066-2A32D752A2FF}</UniqueIdentifier>
      <Extensions>cpp;c;cc;cxx;def;odl;idl;hpj;bat;asm;asmx</Extensions>
    </Filter>
    <Filter Include="Header Files">
      <UniqueIdentifier>{93995380-89BD-4b04-88EB-625FBE52EBFB}</UniqueIdentifier>
      <Extensions>h;hpp;hxx;hm;inl;inc;xsd</Extensions>
    </Filter>
    <Filter Include="Resource Files">
      <UniqueIdentifier>{67DA6AB6-F800-4c08-8B7A-83BB121AAD01}</UniqueIdentifier>
      <Extensions>rc;ico;cur;bmp;dlg;rc2;rct;bin;rgs;gif;jpg;jpeg;jpe;resx;tiff;tif;png;wav;mfcribbon-ms</Extensions>
    </Filter>
    <Filter Include="Header Files\pbj">
      <UniqueIdentifier>{3a805a4c-2a4e-437c-bf14-c68d0c4676c3}</UniqueIdentifier>
    </Filter>
    <Filter Include="Header Files\pbj\pbj::net">
      <UniqueIdentifier>{06b9685b-9c27-46e1-b5c8-3a59ef263080}</UniqueIdentifier>
    </Filter>
    <Filter Include="Source Files\_deps">
      <UniqueIdentifier>{c0a76454-9446-4ff9-9858-e2d9091a34d2}</UniqueIdentifier>
    </Filter>
    <Filter Include="Source Files\pbj">
      <UniqueIdentifier>{b58e45fa-ac9c-407d-8e19-c56c6580d7e2}</UniqueIdentifier>
    </Filter>
    <Filter Include="Source Files\pbj\pbj::net">
      <UniqueIdentifier>{43185d20-95cb-413f-b86d-15b767b9a8cd}</UniqueIdentifier>
    </Filter>
    <Filter Include="Header Files\be">
      <UniqueIdentifier>{07aa536f-546e-4da0-b15c-72e70e7aef41}</UniqueIdentifier>
    </Filter>
    <Filter Include="Header Files\be\be::util">
      <UniqueIdentifier>{9d087478-8424-4e6c-832a-55f085ceb8ba}</UniqueIdentifier>
    </Filter>
    <Filter Include="Header Files\be\be::bed">
      <UniqueIdentifier>{9954954b-2c6c-4dbc-bf43-340aa7af418f}</UniqueIdentifier>
    </Filter>
    <Filter Include="Header Files\be\be::bed\be::bed::detail">
      <UniqueIdentifier>{036fbff0-8d31-4950-b4e6-2bf0edaf203f}</UniqueIdentifier>
    </Filter>
    <Filter Include="Header Files\be\be::detail">
      <UniqueIdentifier>{5519326d-5bee-4589-8635-71be916384ee}</UniqueIdentifier>
    </Filter>
    <Filter Include="Source Files\pbj\be">
      <UniqueIdentifier>{b018242b-4a33-4331-b3e8-f05ae305c62b}</UniqueIdentifier>
    </Filter>
    <Filter Include="Source Files\pbj\be\be::util">
      <UniqueIdentifier>{6ea8e32d-c965-447b-9e19-2a8626dcf9bb}</UniqueIdentifier>
    </Filter>
    <Filter Include="Source Files\pbj\be\be::bed">
      <UniqueIdentifier>{55371fc9-fd64-4c72-8fe3-5db00f8ff027}</UniqueIdentifier>
    </Filter>
    <Filter Include="Source Files\pbj\be\be::bed\be::bed::detail">
      <UniqueIdentifier>{d14ede92-9fea-46e1-9523-d41a463b9463}</UniqueIdentifier>
    </Filter>
    <Filter Include="Source Files\pbj\pbj::sw">
      <UniqueIdentifier>{c8de77fc-d7f7-4970-9496-45c4797bc5b3}</UniqueIdentifier>
    </Filter>
    <Filter Include="Header Files\pbj\pbj::sw">
      <UniqueIdentifier>{358ff3be-cbcf-4545-a93c-edb8809108ed}</UniqueIdentifier>
    </Filter>
    <Filter Include="Source Files\pbj\pbj::gfx">
      <UniqueIdentifier>{38154462-c5b2-4813-8cb8-268aed09bbd4}</UniqueIdentifier>
    </Filter>
    <Filter Include="Header Files\pbj\pbj::gfx">
      <UniqueIdentifier>{dbd67fea-0fbf-40ef-be53-b2ccebcf6f4a}</UniqueIdentifier>
    </Filter>
    <Filter Include="Source Files\pbj\pbj::scene">
      <UniqueIdentifier>{38d1ff7c-4cae-4e0b-a1a2-410cc0f13328}</UniqueIdentifier>
    </Filter>
    <Filter Include="Header Files\pbj\pbj::scene">
      <UniqueIdentifier>{a03da254-3610-4426-9092-c68124818a50}</UniqueIdentifier>
    </Filter>
    <Filter Include="Header Files\pbj\%28convenience headers%29">
      <UniqueIdentifier>{c7aef0a0-f62f-483f-9abd-a76b2411d891}</UniqueIdentifier>
    </Filter>
    <Filter Include="Header Files\pbj\pbj::scene\%28ui%29">
      <UniqueIdentifier>{5df59621-0f86-4de5-a148-c7085850fe40}</UniqueIdentifier>
    </Filter>
    <Filter Include="Source Files\pbj\pbj::scene\%28ui%29">
      <UniqueIdentifier>{584dbb66-4aea-48f6-acc8-1794aa917c7a}</UniqueIdentifier>
    </Filter>
  </ItemGroup>
  <ItemGroup>
    <ClInclude Include="..\..\include\pbj\_pbj.h">
      <Filter>Header Files\pbj\%28convenience headers%29</Filter>
    </ClInclude>
    <ClInclude Include="..\..\include\pbj\net\net_address.h">
      <Filter>Header Files\pbj\pbj::net</Filter>
    </ClInclude>
    <ClInclude Include="..\..\include\pbj\net\net_beacon.h">
      <Filter>Header Files\pbj\pbj::net</Filter>
    </ClInclude>
    <ClInclude Include="..\..\include\pbj\net\net_connection.h">
      <Filter>Header Files\pbj\pbj::net</Filter>
    </ClInclude>
    <ClInclude Include="..\..\include\pbj\net\net_listener.h">
      <Filter>Header Files\pbj\pbj::net</Filter>
    </ClInclude>
    <ClInclude Include="..\..\include\pbj\net\net_node.h">
      <Filter>Header Files\pbj\pbj::net</Filter>
    </ClInclude>
    <ClInclude Include="..\..\include\pbj\net\net_node_mesh.h">
      <Filter>Header Files\pbj\pbj::net</Filter>
    </ClInclude>
    <ClInclude Include="..\..\include\pbj\net\net_platform.h">
      <Filter>Header Files\pbj\pbj::net</Filter>
    </ClInclude>
    <ClInclude Include="..\..\include\pbj\net\net_reliability.h">
      <Filter>Header Files\pbj\pbj::net</Filter>
    </ClInclude>
    <ClInclude Include="..\..\include\pbj\net\net_reliable_connection.h">
      <Filter>Header Files\pbj\pbj::net</Filter>
    </ClInclude>
    <ClInclude Include="..\..\include\pbj\net\net_sockets.h">
      <Filter>Header Files\pbj\pbj::net</Filter>
    </ClInclude>
    <ClInclude Include="..\..\include\pbj\net\net_transport.h">
      <Filter>Header Files\pbj\pbj::net</Filter>
    </ClInclude>
    <ClInclude Include="..\..\include\pbj\net\net_flow_control.h">
      <Filter>Header Files\pbj\pbj::net</Filter>
    </ClInclude>
    <ClInclude Include="..\..\include\be\const_handle.h">
      <Filter>Header Files\be</Filter>
    </ClInclude>
    <ClInclude Include="..\..\include\be\handle.h">
      <Filter>Header Files\be</Filter>
    </ClInclude>
    <ClInclude Include="..\..\include\be\id.h">
      <Filter>Header Files\be</Filter>
    </ClInclude>
    <ClInclude Include="..\..\include\be\source_handle.h">
      <Filter>Header Files\be</Filter>
    </ClInclude>
    <ClInclude Include="..\..\include\be\_be.h">
      <Filter>Header Files\be</Filter>
    </ClInclude>
    <ClInclude Include="..\..\include\be\util\nconvert.h">
      <Filter>Header Files\be\be::util</Filter>
    </ClInclude>
    <ClInclude Include="..\..\include\be\bed\cached_stmt.h">
      <Filter>Header Files\be\be::bed</Filter>
    </ClInclude>
    <ClInclude Include="..\..\include\be\bed\db.h">
      <Filter>Header Files\be\be::bed</Filter>
    </ClInclude>
    <ClInclude Include="..\..\include\be\bed\stmt.h">
      <Filter>Header Files\be\be::bed</Filter>
    </ClInclude>
    <ClInclude Include="..\..\include\be\bed\stmt_cache.h">
      <Filter>Header Files\be\be::bed</Filter>
    </ClInclude>
    <ClInclude Include="..\..\include\be\bed\transaction.h">
      <Filter>Header Files\be\be::bed</Filter>
    </ClInclude>
    <ClInclude Include="..\..\include\be\bed\detail\db_error.h">
      <Filter>Header Files\be\be::bed\be::bed::detail</Filter>
    </ClInclude>
    <ClInclude Include="..\..\include\be\bed\detail\stmt_cache_entry.h">
      <Filter>Header Files\be\be::bed\be::bed::detail</Filter>
    </ClInclude>
    <ClInclude Include="..\..\include\be\detail\handle_entry.h">
      <Filter>Header Files\be\be::detail</Filter>
    </ClInclude>
    <ClInclude Include="..\..\include\be\detail\handle_manager.h">
      <Filter>Header Files\be\be::detail</Filter>
    </ClInclude>
    <ClInclude Include="..\..\include\pbj\sw\import.h">
      <Filter>Header Files\pbj\pbj::sw</Filter>
    </ClInclude>
    <ClInclude Include="..\..\include\pbj\sw\resource_id.h">
      <Filter>Header Files\pbj\pbj::sw</Filter>
    </ClInclude>
    <ClInclude Include="..\..\include\pbj\sw\sandwich.h">
      <Filter>Header Files\pbj\pbj::sw</Filter>
    </ClInclude>
    <ClInclude Include="..\..\include\pbj\sw\sandwich_open.h">
      <Filter>Header Files\pbj\pbj::sw</Filter>
    </ClInclude>
    <ClInclude Include="..\..\include\pbj\engine.h">
      <Filter>Header Files\pbj</Filter>
    </ClInclude>
    <ClInclude Include="..\..\include\pbj\window.h">
      <Filter>Header Files\pbj</Filter>
    </ClInclude>
    <ClInclude Include="..\..\include\pbj\window_settings.h">
      <Filter>Header Files\pbj</Filter>
    </ClInclude>
    <ClInclude Include="..\..\include\pbj\editor.h">
      <Filter>Header Files\pbj\pbj::gfx</Filter>
    </ClInclude>
    <ClInclude Include="..\..\include\pbj\gfx\batcher.h">
      <Filter>Header Files\pbj\pbj::gfx</Filter>
    </ClInclude>
    <ClInclude Include="..\..\include\pbj\gfx\built_ins.h">
      <Filter>Header Files\pbj\pbj::gfx</Filter>
    </ClInclude>
    <ClInclude Include="..\..\include\pbj\gfx\mesh.h">
      <Filter>Header Files\pbj\pbj::gfx</Filter>
    </ClInclude>
    <ClInclude Include="..\..\include\pbj\gfx\shader.h">
      <Filter>Header Files\pbj\pbj::gfx</Filter>
    </ClInclude>
    <ClInclude Include="..\..\include\pbj\gfx\shader_program.h">
      <Filter>Header Files\pbj\pbj::gfx</Filter>
    </ClInclude>
    <ClInclude Include="..\..\include\pbj\gfx\skeletal_mesh.h">
      <Filter>Header Files\pbj\pbj::gfx</Filter>
    </ClInclude>
    <ClInclude Include="..\..\include\pbj\gfx\skeleton.h">
      <Filter>Header Files\pbj\pbj::gfx</Filter>
    </ClInclude>
    <ClInclude Include="..\..\include\pbj\gfx\skeleton_pose.h">
      <Filter>Header Files\pbj\pbj::gfx</Filter>
    </ClInclude>
    <ClInclude Include="..\..\include\pbj\gfx\texture.h">
      <Filter>Header Files\pbj\pbj::gfx</Filter>
    </ClInclude>
    <ClInclude Include="..\..\include\pbj\gfx\texture_font.h">
      <Filter>Header Files\pbj\pbj::gfx</Filter>
    </ClInclude>
    <ClInclude Include="..\..\include\pbj\gfx\texture_font_character.h">
      <Filter>Header Files\pbj\pbj::gfx</Filter>
    </ClInclude>
    <ClInclude Include="..\..\include\pbj\gfx\texture_font_text.h">
      <Filter>Header Files\pbj\pbj::gfx</Filter>
    </ClInclude>
    <ClInclude Include="..\..\include\pbj\input_controller.h">
      <Filter>Header Files\pbj</Filter>
    </ClInclude>
    <ClInclude Include="..\..\include\pbj\scene\entity.h">
      <Filter>Header Files\pbj\pbj::scene</Filter>
    </ClInclude>
    <ClInclude Include="..\..\include\pbj\_gl.h">
      <Filter>Header Files\pbj\%28convenience headers%29</Filter>
    </ClInclude>
    <ClInclude Include="..\..\include\pbj\_math.h">
      <Filter>Header Files\pbj\%28convenience headers%29</Filter>
    </ClInclude>
    <ClInclude Include="..\..\include\pbj\gfx\gfx_scene_shader_program.h">
      <Filter>Header Files\pbj\pbj::gfx</Filter>
    </ClInclude>
    <ClInclude Include="..\..\include\pbj\gfx\gfx_entity_material.h">
      <Filter>Header Files\pbj\pbj::gfx</Filter>
    </ClInclude>
    <ClInclude Include="..\..\include\pbj\client.h">
      <Filter>Header Files\pbj</Filter>
    </ClInclude>
    <ClInclude Include="..\..\include\pbj\scene\scene.h">
      <Filter>Header Files\pbj\pbj::scene</Filter>
    </ClInclude>
    <ClInclude Include="..\..\include\pbj\transform.h">
      <Filter>Header Files\pbj</Filter>
    </ClInclude>
    <ClInclude Include="..\..\include\pbj\scene\ui_button.h">
      <Filter>Header Files\pbj\pbj::scene\%28ui%29</Filter>
    </ClInclude>
    <ClInclude Include="..\..\include\pbj\scene\ui_element.h">
      <Filter>Header Files\pbj\pbj::scene\%28ui%29</Filter>
    </ClInclude>
    <ClInclude Include="..\..\include\pbj\scene\ui_image.h">
      <Filter>Header Files\pbj\pbj::scene\%28ui%29</Filter>
    </ClInclude>
    <ClInclude Include="..\..\include\pbj\scene\ui_label.h">
      <Filter>Header Files\pbj\pbj::scene\%28ui%29</Filter>
    </ClInclude>
    <ClInclude Include="..\..\include\pbj\scene\ui_listbox.h">
      <Filter>Header Files\pbj\pbj::scene\%28ui%29</Filter>
    </ClInclude>
    <ClInclude Include="..\..\include\pbj\scene\ui_panel.h">
      <Filter>Header Files\pbj\pbj::scene\%28ui%29</Filter>
    </ClInclude>
    <ClInclude Include="..\..\include\pbj\scene\ui_root.h">
      <Filter>Header Files\pbj\pbj::scene\%28ui%29</Filter>
    </ClInclude>
  </ItemGroup>
  <ItemGroup>
    <ClCompile Include="..\..\src\pbj\net\net_address.cpp">
      <Filter>Source Files\pbj\pbj::net</Filter>
    </ClCompile>
    <ClCompile Include="..\..\src\pbj\net\net_beacon.cpp">
      <Filter>Source Files\pbj\pbj::net</Filter>
    </ClCompile>
    <ClCompile Include="..\..\src\pbj\net\net_connection.cpp">
      <Filter>Source Files\pbj\pbj::net</Filter>
    </ClCompile>
    <ClCompile Include="..\..\src\pbj\net\net_listener.cpp">
      <Filter>Source Files\pbj\pbj::net</Filter>
    </ClCompile>
    <ClCompile Include="..\..\src\pbj\net\net_node.cpp">
      <Filter>Source Files\pbj\pbj::net</Filter>
    </ClCompile>
    <ClCompile Include="..\..\src\pbj\net\net_node_mesh.cpp">
      <Filter>Source Files\pbj\pbj::net</Filter>
    </ClCompile>
    <ClCompile Include="..\..\src\pbj\net\net_reliability.cpp">
      <Filter>Source Files\pbj\pbj::net</Filter>
    </ClCompile>
    <ClCompile Include="..\..\src\pbj\net\net_reliable_connection.cpp">
      <Filter>Source Files\pbj\pbj::net</Filter>
    </ClCompile>
    <ClCompile Include="..\..\src\pbj\net\net_sockets.cpp">
      <Filter>Source Files\pbj\pbj::net</Filter>
    </ClCompile>
    <ClCompile Include="..\..\deps\pugixml.cpp">
      <Filter>Source Files\_deps</Filter>
    </ClCompile>
    <ClCompile Include="..\..\deps\sqlite3.c">
      <Filter>Source Files\_deps</Filter>
    </ClCompile>
    <ClCompile Include="..\..\deps\stb_image.c">
      <Filter>Source Files\_deps</Filter>
    </ClCompile>
    <ClCompile Include="..\..\src\pbj\net\net_flow_control.cpp">
      <Filter>Source Files\pbj\pbj::net</Filter>
    </ClCompile>
    <ClCompile Include="..\..\src\pbj\net\net_transport.cpp">
      <Filter>Source Files\pbj\pbj::net</Filter>
    </ClCompile>
    <ClCompile Include="..\..\src\client_app_entry.cpp">
      <Filter>Source Files</Filter>
    </ClCompile>
    <ClCompile Include="..\..\src\be\id.cpp">
      <Filter>Source Files\pbj\be</Filter>
    </ClCompile>
    <ClCompile Include="..\..\src\be\verbosity.cpp">
      <Filter>Source Files\pbj\be</Filter>
    </ClCompile>
    <ClCompile Include="..\..\src\be\util\nconvert.cpp">
      <Filter>Source Files\pbj\be\be::util</Filter>
    </ClCompile>
    <ClCompile Include="..\..\src\be\bed\cached_stmt.cpp">
      <Filter>Source Files\pbj\be\be::bed</Filter>
    </ClCompile>
    <ClCompile Include="..\..\src\be\bed\db.cpp">
      <Filter>Source Files\pbj\be\be::bed</Filter>
    </ClCompile>
    <ClCompile Include="..\..\src\be\bed\stmt.cpp">
      <Filter>Source Files\pbj\be\be::bed</Filter>
    </ClCompile>
    <ClCompile Include="..\..\src\be\bed\stmt_cache.cpp">
      <Filter>Source Files\pbj\be\be::bed</Filter>
    </ClCompile>
    <ClCompile Include="..\..\src\be\bed\transaction.cpp">
      <Filter>Source Files\pbj\be\be::bed</Filter>
    </ClCompile>
    <ClCompile Include="..\..\src\be\bed\detail\db_error.cpp">
      <Filter>Source Files\pbj\be\be::bed\be::bed::detail</Filter>
    </ClCompile>
    <ClCompile Include="..\..\src\be\bed\detail\stmt_cache_entry.cpp">
      <Filter>Source Files\pbj\be\be::bed\be::bed::detail</Filter>
    </ClCompile>
    <ClCompile Include="..\..\src\pbj\sw\import.cpp">
      <Filter>Source Files\pbj\pbj::sw</Filter>
    </ClCompile>
    <ClCompile Include="..\..\src\pbj\sw\resource_id.cpp">
      <Filter>Source Files\pbj\pbj::sw</Filter>
    </ClCompile>
    <ClCompile Include="..\..\src\pbj\sw\sandwich.cpp">
      <Filter>Source Files\pbj\pbj::sw</Filter>
    </ClCompile>
    <ClCompile Include="..\..\src\pbj\sw\sandwich_open.cpp">
      <Filter>Source Files\pbj\pbj::sw</Filter>
    </ClCompile>
    <ClCompile Include="..\..\src\pbj\engine.cpp">
      <Filter>Source Files\pbj</Filter>
    </ClCompile>
    <ClCompile Include="..\..\src\pbj\window.cpp">
      <Filter>Source Files\pbj</Filter>
    </ClCompile>
    <ClCompile Include="..\..\src\pbj\window_settings.cpp">
      <Filter>Source Files\pbj</Filter>
    </ClCompile>
    <ClCompile Include="..\..\src\pbj\gfx\batcher.cpp">
      <Filter>Source Files\pbj\pbj::gfx</Filter>
    </ClCompile>
    <ClCompile Include="..\..\src\pbj\gfx\built_ins.cpp">
      <Filter>Source Files\pbj\pbj::gfx</Filter>
    </ClCompile>
    <ClCompile Include="..\..\src\pbj\gfx\mesh.cpp">
      <Filter>Source Files\pbj\pbj::gfx</Filter>
    </ClCompile>
    <ClCompile Include="..\..\src\pbj\gfx\shader.cpp">
      <Filter>Source Files\pbj\pbj::gfx</Filter>
    </ClCompile>
    <ClCompile Include="..\..\src\pbj\gfx\shader_program.cpp">
      <Filter>Source Files\pbj\pbj::gfx</Filter>
    </ClCompile>
    <ClCompile Include="..\..\src\pbj\gfx\texture.cpp">
      <Filter>Source Files\pbj\pbj::gfx</Filter>
    </ClCompile>
    <ClCompile Include="..\..\src\pbj\gfx\texture_font.cpp">
      <Filter>Source Files\pbj\pbj::gfx</Filter>
    </ClCompile>
    <ClCompile Include="..\..\src\pbj\gfx\texture_font_character.cpp">
      <Filter>Source Files\pbj\pbj::gfx</Filter>
    </ClCompile>
    <ClCompile Include="..\..\src\pbj\gfx\texture_font_text.cpp">
      <Filter>Source Files\pbj\pbj::gfx</Filter>
    </ClCompile>
    <ClCompile Include="..\..\src\pbj\input_controller.cpp">
      <Filter>Source Files\pbj</Filter>
    </ClCompile>
    <ClCompile Include="..\..\src\pbj\scene\entity.cpp">
      <Filter>Source Files\pbj\pbj::scene</Filter>
    </ClCompile>
    <ClCompile Include="..\..\src\pbj\gfx\gfx_scene_shader_program.cpp">
      <Filter>Source Files\pbj\pbj::gfx</Filter>
    </ClCompile>
    <ClCompile Include="..\..\src\pbj\client.cpp">
      <Filter>Source Files\pbj</Filter>
    </ClCompile>
    <ClCompile Include="..\..\src\pbj\scene\scene.cpp">
      <Filter>Source Files\pbj\pbj::scene</Filter>
    </ClCompile>
    <ClCompile Include="..\..\src\gfx\entity_material.cpp">
      <Filter>Source Files\pbj\pbj::gfx</Filter>
    </ClCompile>
    <ClCompile Include="..\..\src\pbj\transform.cpp">
      <Filter>Source Files\pbj</Filter>
    </ClCompile>
    <ClCompile Include="..\..\src\pbj\scene\ui_button.cpp">
      <Filter>Source Files\pbj\pbj::scene\%28ui%29</Filter>
    </ClCompile>
    <ClCompile Include="..\..\src\pbj\scene\ui_element.cpp">
      <Filter>Source Files\pbj\pbj::scene\%28ui%29</Filter>
    </ClCompile>
    <ClCompile Include="..\..\src\pbj\scene\ui_image.cpp">
      <Filter>Source Files\pbj\pbj::scene\%28ui%29</Filter>
    </ClCompile>
    <ClCompile Include="..\..\src\pbj\scene\ui_label.cpp">
      <Filter>Source Files\pbj\pbj::scene\%28ui%29</Filter>
    </ClCompile>
    <ClCompile Include="..\..\src\pbj\scene\ui_listbox.cpp">
      <Filter>Source Files\pbj\pbj::scene\%28ui%29</Filter>
    </ClCompile>
    <ClCompile Include="..\..\src\pbj\scene\ui_panel.cpp">
      <Filter>Source Files\pbj\pbj::scene\%28ui%29</Filter>
    </ClCompile>
    <ClCompile Include="..\..\src\pbj\scene\ui_root.cpp">
      <Filter>Source Files\pbj\pbj::scene\%28ui%29</Filter>
    </ClCompile>
  </ItemGroup>
  <ItemGroup>
    <None Include="..\..\include\be\const_handle.inl">
      <Filter>Header Files\be</Filter>
    </None>
    <None Include="..\..\include\be\handle.inl">
      <Filter>Header Files\be</Filter>
    </None>
    <None Include="..\..\include\be\id.inl">
      <Filter>Header Files\be</Filter>
    </None>
    <None Include="..\..\include\be\source_handle.inl">
      <Filter>Header Files\be</Filter>
    </None>
    <None Include="..\..\include\be\detail\handle_manager.inl">
      <Filter>Header Files\be\be::detail</Filter>
    </None>
    <None Include="..\..\include\pbj\sw\resource_id.inl">
      <Filter>Header Files\pbj\pbj::sw</Filter>
    </None>
    <None Include="..\..\include\pbj\gfx\shader_program.inl">
      <Filter>Header Files\pbj\pbj::gfx</Filter>
    </None>
    <None Include="..\..\include\pbj\gfx\texture_font.inl">
      <Filter>Header Files\pbj\pbj::gfx</Filter>
    </None>
  </ItemGroup>
</Project>